Microsoft Visual Studio Solution File, Format Version 12.00
# Visual Studio Version 17
VisualStudioVersion = 17.5.2.0
MinimumVisualStudioVersion = 10.0.40219.1
Project("{FAE04EC0-301F-11D3-BF4B-00C04F79EFBC}") = "SeoOptimizerTool", "SeoOptimizerTool.csproj", "{D0AB4FDD-8770-1A23-6D32-A11ADF00884F}"
EndProject
Global
	GlobalSection(SolutionConfigurationPlatforms) = preSolution
		Debug|Any CPU = Debug|Any CPU
		Release|Any CPU = Release|Any CPU
	EndGlobalSection
	GlobalSection(ProjectConfigurationPlatforms) = postSolution
		{D0AB4FDD-8770-1A23-6D32-A11ADF00884F}.Debug|Any CPU.ActiveCfg = Debug|Any CPU
		{D0AB4FDD-8770-1A23-6D32-A11ADF00884F}.Debug|Any CPU.Build.0 = Debug|Any CPU
		{D0AB4FDD-8770-1A23-6D32-A11ADF00884F}.Release|Any CPU.ActiveCfg = Release|Any CPU
		{D0AB4FDD-8770-1A23-6D32-A11ADF00884F}.Release|Any CPU.Build.0 = Release|Any CPU
	EndGlobalSection
	GlobalSection(SolutionProperties) = preSolution
		HideSolutionNode = FALSE
	EndGlobalSection
	GlobalSection(ExtensibilityGlobals) = postSolution
		SolutionGuid = {33982A70-0BD9-416D-944C-159E62929A41}
	EndGlobalSection
EndGlobal
